// !$*UTF8*$!
{
	archiveVersion = 1;
	classes = {
	};
	objectVersion = 51;
	objects = {

/* Begin PBXBuildFile section */
		0E84FAD559D7916D02A94AE4 /* Pods_Memo.framework in Frameworks */ = {isa = PBXBuildFile; fileRef = 2203B18A188120F76B5855B9 /* Pods_Memo.framework */; };
		431224C22682DC8500803590 /* CustomError.swift in Sources */ = {isa = PBXBuildFile; fileRef = 431224C12682DC8500803590 /* CustomError.swift */; };
		436CA39C2681FEAB00391E20 /* THEnrkkrR.otf in Resources */ = {isa = PBXBuildFile; fileRef = 436CA3992681FEAB00391E20 /* THEnrkkrR.otf */; };
		436CA39D2681FEAB00391E20 /* THEnrkkrB.otf in Resources */ = {isa = PBXBuildFile; fileRef = 436CA39A2681FEAB00391E20 /* THEnrkkrB.otf */; };
		436CA39E2681FEAB00391E20 /* THEnrkkrM.otf in Resources */ = {isa = PBXBuildFile; fileRef = 436CA39B2681FEAB00391E20 /* THEnrkkrM.otf */; };
		439DB5422681D75100F631A6 /* MemoViewController.swift in Sources */ = {isa = PBXBuildFile; fileRef = 439DB5412681D75100F631A6 /* MemoViewController.swift */; };
		439DB5452681DA1700F631A6 /* MemoCell.swift in Sources */ = {isa = PBXBuildFile; fileRef = 439DB5442681DA1700F631A6 /* MemoCell.swift */; };
		43A06C9026819DBF00F098FE /* AppDelegate.swift in Sources */ = {isa = PBXBuildFile; fileRef = 43A06C8F26819DBF00F098FE /* AppDelegate.swift */; };
		43A06C9226819DBF00F098FE /* SceneDelegate.swift in Sources */ = {isa = PBXBuildFile; fileRef = 43A06C9126819DBF00F098FE /* SceneDelegate.swift */; };
		43A06C9726819DBF00F098FE /* Main.storyboard in Resources */ = {isa = PBXBuildFile; fileRef = 43A06C9526819DBF00F098FE /* Main.storyboard */; };
		43A06C9926819DC000F098FE /* Assets.xcassets in Resources */ = {isa = PBXBuildFile; fileRef = 43A06C9826819DC000F098FE /* Assets.xcassets */; };
		43A06C9C26819DC000F098FE /* LaunchScreen.storyboard in Resources */ = {isa = PBXBuildFile; fileRef = 43A06C9A26819DC000F098FE /* LaunchScreen.storyboard */; };
		43A06CB02681B00700F098FE /* MemoViewModel.swift in Sources */ = {isa = PBXBuildFile; fileRef = 43A06CAF2681B00700F098FE /* MemoViewModel.swift */; };
		43A06CB22681B01700F098FE /* MemoModel.swift in Sources */ = {isa = PBXBuildFile; fileRef = 43A06CB12681B01700F098FE /* MemoModel.swift */; };
		43E948602681B5E90092DED5 /* GoogleService-Info.plist in Resources */ = {isa = PBXBuildFile; fileRef = 43E9485F2681B5E90092DED5 /* GoogleService-Info.plist */; };
		43E948622681C0AC0092DED5 /* MemoFireBaseManager.swift in Sources */ = {isa = PBXBuildFile; fileRef = 43E948612681C0AC0092DED5 /* MemoFireBaseManager.swift */; };
		43E948642681C2DB0092DED5 /* BaseFireBaseManager.swift in Sources */ = {isa = PBXBuildFile; fileRef = 43E948632681C2DB0092DED5 /* BaseFireBaseManager.swift */; };
		43E948662681C78D0092DED5 /* WriteViewController.swift in Sources */ = {isa = PBXBuildFile; fileRef = 43E948652681C78D0092DED5 /* WriteViewController.swift */; };
/* End PBXBuildFile section */

/* Begin PBXFileReference section */
		2203B18A188120F76B5855B9 /* Pods_Memo.framework */ = {isa = PBXFileReference; explicitFileType = wrapper.framework; includeInIndex = 0; path = Pods_Memo.framework; sourceTree = BUILT_PRODUCTS_DIR; };
		431224C12682DC8500803590 /* CustomError.swift */ = {isa = PBXFileReference; lastKnownFileType = sourcecode.swift; path = CustomError.swift; sourceTree = "<group>"; };
		436CA3992681FEAB00391E20 /* THEnrkkrR.otf */ = {isa = PBXFileReference; lastKnownFileType = file; path = THEnrkkrR.otf; sourceTree = "<group>"; };
		436CA39A2681FEAB00391E20 /* THEnrkkrB.otf */ = {isa = PBXFileReference; lastKnownFileType = file; path = THEnrkkrB.otf; sourceTree = "<group>"; };
		436CA39B2681FEAB00391E20 /* THEnrkkrM.otf */ = {isa = PBXFileReference; lastKnownFileType = file; path = THEnrkkrM.otf; sourceTree = "<group>"; };
		439DB5412681D75100F631A6 /* MemoViewController.swift */ = {isa = PBXFileReference; lastKnownFileType = sourcecode.swift; path = MemoViewController.swift; sourceTree = "<group>"; };
		439DB5442681DA1700F631A6 /* MemoCell.swift */ = {isa = PBXFileReference; lastKnownFileType = sourcecode.swift; path = MemoCell.swift; sourceTree = "<group>"; };
		43A06C8C26819DBF00F098FE /* Memo.app */ = {isa = PBXFileReference; explicitFileType = wrapper.application; includeInIndex = 0; path = Memo.app; sourceTree = BUILT_PRODUCTS_DIR; };
		43A06C8F26819DBF00F098FE /* AppDelegate.swift */ = {isa = PBXFileReference; lastKnownFileType = sourcecode.swift; path = AppDelegate.swift; sourceTree = "<group>"; };
		43A06C9126819DBF00F098FE /* SceneDelegate.swift */ = {isa = PBXFileReference; lastKnownFileType = sourcecode.swift; path = SceneDelegate.swift; sourceTree = "<group>"; };
		43A06C9626819DBF00F098FE /* Base */ = {isa = PBXFileReference; lastKnownFileType = file.storyboard; name = Base; path = Base.lproj/Main.storyboard; sourceTree = "<group>"; };
		43A06C9826819DC000F098FE /* Assets.xcassets */ = {isa = PBXFileReference; lastKnownFileType = folder.assetcatalog; path = Assets.xcassets; sourceTree = "<group>"; };
		43A06C9B26819DC000F098FE /* Base */ = {isa = PBXFileReference; lastKnownFileType = file.storyboard; name = Base; path = Base.lproj/LaunchScreen.storyboard; sourceTree = "<group>"; };
		43A06C9D26819DC000F098FE /* Info.plist */ = {isa = PBXFileReference; lastKnownFileType = text.plist.xml; path = Info.plist; sourceTree = "<group>"; };
		43A06CAF2681B00700F098FE /* MemoViewModel.swift */ = {isa = PBXFileReference; lastKnownFileType = sourcecode.swift; path = MemoViewModel.swift; sourceTree = "<group>"; };
		43A06CB12681B01700F098FE /* MemoModel.swift */ = {isa = PBXFileReference; lastKnownFileType = sourcecode.swift; path = MemoModel.swift; sourceTree = "<group>"; };
		43E9485F2681B5E90092DED5 /* GoogleService-Info.plist */ = {isa = PBXFileReference; fileEncoding = 4; lastKnownFileType = text.plist.xml; path = "GoogleService-Info.plist"; sourceTree = "<group>"; };
		43E948612681C0AC0092DED5 /* MemoFireBaseManager.swift */ = {isa = PBXFileReference; lastKnownFileType = sourcecode.swift; path = MemoFireBaseManager.swift; sourceTree = "<group>"; };
		43E948632681C2DB0092DED5 /* BaseFireBaseManager.swift */ = {isa = PBXFileReference; lastKnownFileType = sourcecode.swift; path = BaseFireBaseManager.swift; sourceTree = "<group>"; };
		43E948652681C78D0092DED5 /* WriteViewController.swift */ = {isa = PBXFileReference; lastKnownFileType = sourcecode.swift; path = WriteViewController.swift; sourceTree = "<group>"; };
		6CD372EBCFA21DEC4E2630DC /* Pods-Memo.debug.xcconfig */ = {isa = PBXFileReference; includeInIndex = 1; lastKnownFileType = text.xcconfig; name = "Pods-Memo.debug.xcconfig"; path = "Target Support Files/Pods-Memo/Pods-Memo.debug.xcconfig"; sourceTree = "<group>"; };
		B9FFA217B910B2F78A3BDB8F /* Pods-Memo.release.xcconfig */ = {isa = PBXFileReference; includeInIndex = 1; lastKnownFileType = text.xcconfig; name = "Pods-Memo.release.xcconfig"; path = "Target Support Files/Pods-Memo/Pods-Memo.release.xcconfig"; sourceTree = "<group>"; };
/* End PBXFileReference section */

/* Begin PBXFrameworksBuildPhase section */
		43A06C8926819DBF00F098FE /* Frameworks */ = {
			isa = PBXFrameworksBuildPhase;
			buildActionMask = 2147483647;
			files = (
				0E84FAD559D7916D02A94AE4 /* Pods_Memo.framework in Frameworks */,
			);
			runOnlyForDeploymentPostprocessing = 0;
		};
/* End PBXFrameworksBuildPhase section */

/* Begin PBXGroup section */
		431224C02682DC5600803590 /* Widget */ = {
			isa = PBXGroup;
			children = (
				431224C12682DC8500803590 /* CustomError.swift */,
			);
			path = Widget;
			sourceTree = "<group>";
		};
		4375421C2681E8B100F4B613 /* Fonts */ = {
			isa = PBXGroup;
			children = (
				436CA39A2681FEAB00391E20 /* THEnrkkrB.otf */,
				436CA39B2681FEAB00391E20 /* THEnrkkrM.otf */,
				436CA3992681FEAB00391E20 /* THEnrkkrR.otf */,
			);
			path = Fonts;
			sourceTree = "<group>";
		};
		439DB5432681D9DD00F631A6 /* Cell */ = {
			isa = PBXGroup;
			children = (
				439DB5442681DA1700F631A6 /* MemoCell.swift */,
			);
			path = Cell;
			sourceTree = "<group>";
		};
		43A06C8326819DBF00F098FE = {
			isa = PBXGroup;
			children = (
				43A06C8E26819DBF00F098FE /* Memo */,
				43A06C8D26819DBF00F098FE /* Products */,
				DCDF1A4602D01AA938270757 /* Pods */,
				78412F9B19BB9E0D75C45684 /* Frameworks */,
			);
			sourceTree = "<group>";
		};
		43A06C8D26819DBF00F098FE /* Products */ = {
			isa = PBXGroup;
			children = (
				43A06C8C26819DBF00F098FE /* Memo.app */,
			);
			name = Products;
			sourceTree = "<group>";
		};
		43A06C8E26819DBF00F098FE /* Memo */ = {
			isa = PBXGroup;
			children = (
				43E9485F2681B5E90092DED5 /* GoogleService-Info.plist */,
				43A06C9D26819DC000F098FE /* Info.plist */,
				43A06CAC2681A36A00F098FE /* Base */,
				43A06CAD2681A62B00F098FE /* Delegates */,
				43A06CA92681A34E00F098FE /* Models */,
				43A06CA62681A32C00F098FE /* Networking */,
				43A06CA82681A34700F098FE /* Resources */,
				43A06CA72681A33F00F098FE /* Service */,
				43A06CAA2681A35500F098FE /* ViewControllers */,
				43A06CAE2681A64A00F098FE /* ViewModels */,
				43A06CAB2681A36100F098FE /* Views */,
			);
			path = Memo;
			sourceTree = "<group>";
		};
		43A06CA62681A32C00F098FE /* Networking */ = {
			isa = PBXGroup;
			children = (
				43E948612681C0AC0092DED5 /* MemoFireBaseManager.swift */,
				43E948632681C2DB0092DED5 /* BaseFireBaseManager.swift */,
			);
			path = Networking;
			sourceTree = "<group>";
		};
		43A06CA72681A33F00F098FE /* Service */ = {
			isa = PBXGroup;
			children = (
			);
			path = Service;
			sourceTree = "<group>";
		};
		43A06CA82681A34700F098FE /* Resources */ = {
			isa = PBXGroup;
			children = (
				4375421C2681E8B100F4B613 /* Fonts */,
				43A06C9826819DC000F098FE /* Assets.xcassets */,
			);
			path = Resources;
			sourceTree = "<group>";
		};
		43A06CA92681A34E00F098FE /* Models */ = {
			isa = PBXGroup;
			children = (
				43A06CB12681B01700F098FE /* MemoModel.swift */,
			);
			path = Models;
			sourceTree = "<group>";
		};
		43A06CAA2681A35500F098FE /* ViewControllers */ = {
			isa = PBXGroup;
			children = (
				431224C02682DC5600803590 /* Widget */,
				439DB5432681D9DD00F631A6 /* Cell */,
				43E948652681C78D0092DED5 /* WriteViewController.swift */,
				439DB5412681D75100F631A6 /* MemoViewController.swift */,
			);
			path = ViewControllers;
			sourceTree = "<group>";
		};
		43A06CAB2681A36100F098FE /* Views */ = {
			isa = PBXGroup;
			children = (
				43A06C9A26819DC000F098FE /* LaunchScreen.storyboard */,
				43A06C9526819DBF00F098FE /* Main.storyboard */,
			);
			path = Views;
			sourceTree = "<group>";
		};
		43A06CAC2681A36A00F098FE /* Base */ = {
			isa = PBXGroup;
			children = (
			);
			path = Base;
			sourceTree = "<group>";
		};
		43A06CAD2681A62B00F098FE /* Delegates */ = {
			isa = PBXGroup;
			children = (
				43A06C8F26819DBF00F098FE /* AppDelegate.swift */,
				43A06C9126819DBF00F098FE /* SceneDelegate.swift */,
			);
			path = Delegates;
			sourceTree = "<group>";
		};
		43A06CAE2681A64A00F098FE /* ViewModels */ = {
			isa = PBXGroup;
			children = (
				43A06CAF2681B00700F098FE /* MemoViewModel.swift */,
			);
			path = ViewModels;
			sourceTree = "<group>";
		};
		78412F9B19BB9E0D75C45684 /* Frameworks */ = {
			isa = PBXGroup;
			children = (
				2203B18A188120F76B5855B9 /* Pods_Memo.framework */,
			);
			name = Frameworks;
			sourceTree = "<group>";
		};
		DCDF1A4602D01AA938270757 /* Pods */ = {
			isa = PBXGroup;
			children = (
				6CD372EBCFA21DEC4E2630DC /* Pods-Memo.debug.xcconfig */,
				B9FFA217B910B2F78A3BDB8F /* Pods-Memo.release.xcconfig */,
			);
			path = Pods;
			sourceTree = "<group>";
		};
/* End PBXGroup section */

/* Begin PBXNativeTarget section */
		43A06C8B26819DBF00F098FE /* Memo */ = {
			isa = PBXNativeTarget;
			buildConfigurationList = 43A06CA026819DC000F098FE /* Build configuration list for PBXNativeTarget "Memo" */;
			buildPhases = (
				D8AF16A5D32C1ECE6C29E5C9 /* [CP] Check Pods Manifest.lock */,
				43A06C8826819DBF00F098FE /* Sources */,
				43A06C8926819DBF00F098FE /* Frameworks */,
				43A06C8A26819DBF00F098FE /* Resources */,
				DF3F7FC5F2DCC8A6FD540D9F /* [CP] Embed Pods Frameworks */,
			);
			buildRules = (
			);
			dependencies = (
			);
			name = Memo;
			productName = Memo;
			productReference = 43A06C8C26819DBF00F098FE /* Memo.app */;
			productType = "com.apple.product-type.application";
		};
/* End PBXNativeTarget section */

/* Begin PBXProject section */
		43A06C8426819DBF00F098FE /* Project object */ = {
			isa = PBXProject;
			attributes = {
				LastSwiftUpdateCheck = 1250;
				LastUpgradeCheck = 1250;
				TargetAttributes = {
					43A06C8B26819DBF00F098FE = {
						CreatedOnToolsVersion = 12.5;
					};
				};
			};
			buildConfigurationList = 43A06C8726819DBF00F098FE /* Build configuration list for PBXProject "Memo" */;
			compatibilityVersion = "Xcode 9.3";
			developmentRegion = en;
			hasScannedForEncodings = 0;
			knownRegions = (
				en,
				Base,
			);
			mainGroup = 43A06C8326819DBF00F098FE;
			productRefGroup = 43A06C8D26819DBF00F098FE /* Products */;
			projectDirPath = "";
			projectRoot = "";
			targets = (
				43A06C8B26819DBF00F098FE /* Memo */,
			);
		};
/* End PBXProject section */

/* Begin PBXResourcesBuildPhase section */
		43A06C8A26819DBF00F098FE /* Resources */ = {
			isa = PBXResourcesBuildPhase;
			buildActionMask = 2147483647;
			files = (
				43A06C9C26819DC000F098FE /* LaunchScreen.storyboard in Resources */,
				436CA39C2681FEAB00391E20 /* THEnrkkrR.otf in Resources */,
				436CA39E2681FEAB00391E20 /* THEnrkkrM.otf in Resources */,
				43E948602681B5E90092DED5 /* GoogleService-Info.plist in Resources */,
				43A06C9926819DC000F098FE /* Assets.xcassets in Resources */,
				43A06C9726819DBF00F098FE /* Main.storyboard in Resources */,
				436CA39D2681FEAB00391E20 /* THEnrkkrB.otf in Resources */,
			);
			runOnlyForDeploymentPostprocessing = 0;
		};
/* End PBXResourcesBuildPhase section */

/* Begin PBXShellScriptBuildPhase section */
		D8AF16A5D32C1ECE6C29E5C9 /* [CP] Check Pods Manifest.lock */ = {
			isa = PBXShellScriptBuildPhase;
			buildActionMask = 2147483647;
			files = (
			);
			inputFileListPaths = (
			);
			inputPaths = (
				"${PODS_PODFILE_DIR_PATH}/Podfile.lock",
				"${PODS_ROOT}/Manifest.lock",
			);
			name = "[CP] Check Pods Manifest.lock";
			outputFileListPaths = (
			);
			outputPaths = (
				"$(DERIVED_FILE_DIR)/Pods-Memo-checkManifestLockResult.txt",
			);
			runOnlyForDeploymentPostprocessing = 0;
			shellPath = /bin/sh;
			shellScript = "diff \"${PODS_PODFILE_DIR_PATH}/Podfile.lock\" \"${PODS_ROOT}/Manifest.lock\" > /dev/null\nif [ $? != 0 ] ; then\n    # print error to STDERR\n    echo \"error: The sandbox is not in sync with the Podfile.lock. Run 'pod install' or update your CocoaPods installation.\" >&2\n    exit 1\nfi\n# This output is used by Xcode 'outputs' to avoid re-running this script phase.\necho \"SUCCESS\" > \"${SCRIPT_OUTPUT_FILE_0}\"\n";
			showEnvVarsInLog = 0;
		};
		DF3F7FC5F2DCC8A6FD540D9F /* [CP] Embed Pods Frameworks */ = {
			isa = PBXShellScriptBuildPhase;
			buildActionMask = 2147483647;
			files = (
			);
			inputFileListPaths = (
				"${PODS_ROOT}/Target Support Files/Pods-Memo/Pods-Memo-frameworks-${CONFIGURATION}-input-files.xcfilelist",
			);
			name = "[CP] Embed Pods Frameworks";
			outputFileListPaths = (
				"${PODS_ROOT}/Target Support Files/Pods-Memo/Pods-Memo-frameworks-${CONFIGURATION}-output-files.xcfilelist",
			);
			runOnlyForDeploymentPostprocessing = 0;
			shellPath = /bin/sh;
			shellScript = "\"${PODS_ROOT}/Target Support Files/Pods-Memo/Pods-Memo-frameworks.sh\"\n";
			showEnvVarsInLog = 0;
		};
/* End PBXShellScriptBuildPhase section */

/* Begin PBXSourcesBuildPhase section */
		43A06C8826819DBF00F098FE /* Sources */ = {
			isa = PBXSourcesBuildPhase;
			buildActionMask = 2147483647;
			files = (
				439DB5422681D75100F631A6 /* MemoViewController.swift in Sources */,
				43E948642681C2DB0092DED5 /* BaseFireBaseManager.swift in Sources */,
				43A06CB02681B00700F098FE /* MemoViewModel.swift in Sources */,
				43A06CB22681B01700F098FE /* MemoModel.swift in Sources */,
				43E948622681C0AC0092DED5 /* MemoFireBaseManager.swift in Sources */,
				431224C22682DC8500803590 /* CustomError.swift in Sources */,
				43A06C9026819DBF00F098FE /* AppDelegate.swift in Sources */,
				43A06C9226819DBF00F098FE /* SceneDelegate.swift in Sources */,
				43E948662681C78D0092DED5 /* WriteViewController.swift in Sources */,
				439DB5452681DA1700F631A6 /* MemoCell.swift in Sources */,
			);
			runOnlyForDeploymentPostprocessing = 0;
		};
/* End PBXSourcesBuildPhase section */

/* Begin PBXVariantGroup section */
		43A06C9526819DBF00F098FE /* Main.storyboard */ = {
			isa = PBXVariantGroup;
			children = (
				43A06C9626819DBF00F098FE /* Base */,
			);
			name = Main.storyboard;
			sourceTree = "<group>";
		};
		43A06C9A26819DC000F098FE /* LaunchScreen.storyboard */ = {
			isa = PBXVariantGroup;
			children = (
				43A06C9B26819DC000F098FE /* Base */,
			);
			name = LaunchScreen.storyboard;
			sourceTree = "<group>";
		};
/* End PBXVariantGroup section */

/* Begin XCBuildConfiguration section */
		43A06C9E26819DC000F098FE /* Debug */ = {
			isa = XCBuildConfiguration;
			buildSettings = {
				ALWAYS_SEARCH_USER_PATHS = NO;
				CLANG_ANALYZER_NONNULL = YES;
				CLANG_ANALYZER_NUMBER_OBJECT_CONVERSION = YES_AGGRESSIVE;
				CLANG_CXX_LANGUAGE_STANDARD = "gnu++14";
				CLANG_CXX_LIBRARY = "libc++";
				CLANG_ENABLE_MODULES = YES;
				CLANG_ENABLE_OBJC_ARC = YES;
				CLANG_ENABLE_OBJC_WEAK = YES;
				CLANG_WARN_BLOCK_CAPTURE_AUTORELEASING = YES;
				CLANG_WARN_BOOL_CONVERSION = YES;
				CLANG_WARN_COMMA = YES;
				CLANG_WARN_CONSTANT_CONVERSION = YES;
				CLANG_WARN_DEPRECATED_OBJC_IMPLEMENTATIONS = YES;
				CLANG_WARN_DIRECT_OBJC_ISA_USAGE = YES_ERROR;
				CLANG_WARN_DOCUMENTATION_COMMENTS = YES;
				CLANG_WARN_EMPTY_BODY = YES;
				CLANG_WARN_ENUM_CONVERSION = YES;
				CLANG_WARN_INFINITE_RECURSION = YES;
				CLANG_WARN_INT_CONVERSION = YES;
				CLANG_WARN_NON_LITERAL_NULL_CONVERSION = YES;
				CLANG_WARN_OBJC_IMPLICIT_RETAIN_SELF = YES;
				CLANG_WARN_OBJC_LITERAL_CONVERSION = YES;
				CLANG_WARN_OBJC_ROOT_CLASS = YES_ERROR;
				CLANG_WARN_QUOTED_INCLUDE_IN_FRAMEWORK_HEADER = YES;
				CLANG_WARN_RANGE_LOOP_ANALYSIS = YES;
				CLANG_WARN_STRICT_PROTOTYPES = YES;
				CLANG_WARN_SUSPICIOUS_MOVE = YES;
				CLANG_WARN_UNGUARDED_AVAILABILITY = YES_AGGRESSIVE;
				CLANG_WARN_UNREACHABLE_CODE = YES;
				CLANG_WARN__DUPLICATE_METHOD_MATCH = YES;
				COPY_PHASE_STRIP = NO;
				DEBUG_INFORMATION_FORMAT = dwarf;
				ENABLE_STRICT_OBJC_MSGSEND = YES;
				ENABLE_TESTABILITY = YES;
				GCC_C_LANGUAGE_STANDARD = gnu11;
				GCC_DYNAMIC_NO_PIC = NO;
				GCC_NO_COMMON_BLOCKS = YES;
				GCC_OPTIMIZATION_LEVEL = 0;
				GCC_PREPROCESSOR_DEFINITIONS = (
					"DEBUG=1",
					"$(inherited)",
				);
				GCC_WARN_64_TO_32_BIT_CONVERSION = YES;
				GCC_WARN_ABOUT_RETURN_TYPE = YES_ERROR;
				GCC_WARN_UNDECLARED_SELECTOR = YES;
				GCC_WARN_UNINITIALIZED_AUTOS = YES_AGGRESSIVE;
				GCC_WARN_UNUSED_FUNCTION = YES;
				GCC_WARN_UNUSED_VARIABLE = YES;
				IPHONEOS_DEPLOYMENT_TARGET = 13.6;
				MTL_ENABLE_DEBUG_INFO = INCLUDE_SOURCE;
				MTL_FAST_MATH = YES;
				ONLY_ACTIVE_ARCH = YES;
				SDKROOT = iphoneos;
				SWIFT_ACTIVE_COMPILATION_CONDITIONS = DEBUG;
				SWIFT_OPTIMIZATION_LEVEL = "-Onone";
			};
			name = Debug;
		};
		43A06C9F26819DC000F098FE /* Release */ = {
			isa = XCBuildConfiguration;
			buildSettings = {
				ALWAYS_SEARCH_USER_PATHS = NO;
				CLANG_ANALYZER_NONNULL = YES;
				CLANG_ANALYZER_NUMBER_OBJECT_CONVERSION = YES_AGGRESSIVE;
				CLANG_CXX_LANGUAGE_STANDARD = "gnu++14";
				CLANG_CXX_LIBRARY = "libc++";
				CLANG_ENABLE_MODULES = YES;
				CLANG_ENABLE_OBJC_ARC = YES;
				CLANG_ENABLE_OBJC_WEAK = YES;
				CLANG_WARN_BLOCK_CAPTURE_AUTORELEASING = YES;
				CLANG_WARN_BOOL_CONVERSION = YES;
				CLANG_WARN_COMMA = YES;
				CLANG_WARN_CONSTANT_CONVERSION = YES;
				CLANG_WARN_DEPRECATED_OBJC_IMPLEMENTATIONS = YES;
				CLANG_WARN_DIRECT_OBJC_ISA_USAGE = YES_ERROR;
				CLANG_WARN_DOCUMENTATION_COMMENTS = YES;
				CLANG_WARN_EMPTY_BODY = YES;
				CLANG_WARN_ENUM_CONVERSION = YES;
				CLANG_WARN_INFINITE_RECURSION = YES;
				CLANG_WARN_INT_CONVERSION = YES;
				CLANG_WARN_NON_LITERAL_NULL_CONVERSION = YES;
				CLANG_WARN_OBJC_IMPLICIT_RETAIN_SELF = YES;
				CLANG_WARN_OBJC_LITERAL_CONVERSION = YES;
				CLANG_WARN_OBJC_ROOT_CLASS = YES_ERROR;
				CLANG_WARN_QUOTED_INCLUDE_IN_FRAMEWORK_HEADER = YES;
				CLANG_WARN_RANGE_LOOP_ANALYSIS = YES;
				CLANG_WARN_STRICT_PROTOTYPES = YES;
				CLANG_WARN_SUSPICIOUS_MOVE = YES;
				CLANG_WARN_UNGUARDED_AVAILABILITY = YES_AGGRESSIVE;
				CLANG_WARN_UNREACHABLE_CODE = YES;
				CLANG_WARN__DUPLICATE_METHOD_MATCH = YES;
				COPY_PHASE_STRIP = NO;
				DEBUG_INFORMATION_FORMAT = "dwarf-with-dsym";
				ENABLE_NS_ASSERTIONS = NO;
				ENABLE_STRICT_OBJC_MSGSEND = YES;
				GCC_C_LANGUAGE_STANDARD = gnu11;
				GCC_NO_COMMON_BLOCKS = YES;
				GCC_WARN_64_TO_32_BIT_CONVERSION = YES;
				GCC_WARN_ABOUT_RETURN_TYPE = YES_ERROR;
				GCC_WARN_UNDECLARED_SELECTOR = YES;
				GCC_WARN_UNINITIALIZED_AUTOS = YES_AGGRESSIVE;
				GCC_WARN_UNUSED_FUNCTION = YES;
				GCC_WARN_UNUSED_VARIABLE = YES;
				IPHONEOS_DEPLOYMENT_TARGET = 13.6;
				MTL_ENABLE_DEBUG_INFO = NO;
				MTL_FAST_MATH = YES;
				SDKROOT = iphoneos;
				SWIFT_COMPILATION_MODE = wholemodule;
				SWIFT_OPTIMIZATION_LEVEL = "-O";
				VALIDATE_PRODUCT = YES;
			};
			name = Release;
		};
		43A06CA126819DC000F098FE /* Debug */ = {
			isa = XCBuildConfiguration;
			baseConfigurationReference = 6CD372EBCFA21DEC4E2630DC /* Pods-Memo.debug.xcconfig */;
			buildSettings = {
				ASSETCATALOG_COMPILER_APPICON_NAME = AppIcon;
				ASSETCATALOG_COMPILER_GLOBAL_ACCENT_COLOR_NAME = AccentColor;
				CODE_SIGN_STYLE = Automatic;
				DEVELOPMENT_TEAM = A58343K98Z;
				INFOPLIST_FILE = Memo/Info.plist;
				LD_RUNPATH_SEARCH_PATHS = (
					"$(inherited)",
					"@executable_path/Frameworks",
				);
				PRODUCT_BUNDLE_IDENTIFIER = com.jihyun.Memo;
				PRODUCT_NAME = "$(TARGET_NAME)";
				SWIFT_VERSION = 5.0;
				TARGETED_DEVICE_FAMILY = "1,2";
			};
			name = Debug;
		};
		43A06CA226819DC000F098FE /* Release */ = {
			isa = XCBuildConfiguration;
			baseConfigurationReference = B9FFA217B910B2F78A3BDB8F /* Pods-Memo.release.xcconfig */;
			buildSettings = {
				ASSETCATALOG_COMPILER_APPICON_NAME = AppIcon;
				ASSETCATALOG_COMPILER_GLOBAL_ACCENT_COLOR_NAME = AccentColor;
				CODE_SIGN_STYLE = Automatic;
				DEVELOPMENT_TEAM = A58343K98Z;
				INFOPLIST_FILE = Memo/Info.plist;
				LD_RUNPATH_SEARCH_PATHS = (
					"$(inherited)",
					"@executable_path/Frameworks",
				);
				PRODUCT_BUNDLE_IDENTIFIER = com.jihyun.Memo;
				PRODUCT_NAME = "$(TARGET_NAME)";
				SWIFT_VERSION = 5.0;
				TARGETED_DEVICE_FAMILY = "1,2";
			};
			name = Release;
		};
/* End XCBuildConfiguration section */

/* Begin XCConfigurationList section */
		43A06C8726819DBF00F098FE /* Build configuration list for PBXProject "Memo" */ = {
			isa = XCConfigurationList;
			buildConfigurations = (
				43A06C9E26819DC000F098FE /* Debug */,
				43A06C9F26819DC000F098FE /* Release */,
			);
			defaultConfigurationIsVisible = 0;
			defaultConfigurationName = Release;
		};
		43A06CA026819DC000F098FE /* Build configuration list for PBXNativeTarget "Memo" */ = {
			isa = XCConfigurationList;
			buildConfigurations = (
				43A06CA126819DC000F098FE /* Debug */,
				43A06CA226819DC000F098FE /* Release */,
			);
			defaultConfigurationIsVisible = 0;
			defaultConfigurationName = Release;
		};
/* End XCConfigurationList section */
	};
	rootObject = 43A06C8426819DBF00F098FE /* Project object */;
}
